
Microsoft Visual Studio Solution File, Format Version 12.00
# Visual Studio 15
VisualStudioVersion = 15.0.26228.4
MinimumVisualStudioVersion = 10.0.40219.1
Project("{FAE04EC0-301F-11D3-BF4B-00C04F79EFBC}") = "TaskM.Models", "Models\TaskM.Models.csproj", "{35F8D266-80EA-4AE0-BEDB-652F66684C06}"
EndProject
Project("{FAE04EC0-301F-11D3-BF4B-00C04F79EFBC}") = "TaskM.BLL", "Bll\TaskM.BLL.csproj", "{116F6194-4FDD-4F4B-ACCA-E93B8E5E701E}"
EndProject
Project("{FAE04EC0-301F-11D3-BF4B-00C04F79EFBC}") = "TaskM.Repository", "Repository\TaskM.Repository.csproj", "{3B06B9C1-853A-4105-AEBE-CAA27FCFC2BB}"
EndProject
Project("{FAE04EC0-301F-11D3-BF4B-00C04F79EFBC}") = "TaskM", "TaskM\TaskM.csproj", "{5FF52071-5709-4E44-A41D-57981BA8C35A}"
EndProject
Global
	GlobalSection(SolutionConfigurationPlatforms) = preSolution
		Debug|Any CPU = Debug|Any CPU
		Release|Any CPU = Release|Any CPU
	EndGlobalSection
	GlobalSection(ProjectConfigurationPlatforms) = postSolution
		{35F8D266-80EA-4AE0-BEDB-652F66684C06}.Debug|Any CPU.ActiveCfg = Debug|Any CPU
		{35F8D266-80EA-4AE0-BEDB-652F66684C06}.Debug|Any CPU.Build.0 = Debug|Any CPU
		{35F8D266-80EA-4AE0-BEDB-652F66684C06}.Release|Any CPU.ActiveCfg = Release|Any CPU
		{35F8D266-80EA-4AE0-BEDB-652F66684C06}.Release|Any CPU.Build.0 = Release|Any CPU
		{116F6194-4FDD-4F4B-ACCA-E93B8E5E701E}.Debug|Any CPU.ActiveCfg = Debug|Any CPU
		{116F6194-4FDD-4F4B-ACCA-E93B8E5E701E}.Debug|Any CPU.Build.0 = Debug|Any CPU
		{116F6194-4FDD-4F4B-ACCA-E93B8E5E701E}.Release|Any CPU.ActiveCfg = Release|Any CPU
		{116F6194-4FDD-4F4B-ACCA-E93B8E5E701E}.Release|Any CPU.Build.0 = Release|Any CPU
		{3B06B9C1-853A-4105-AEBE-CAA27FCFC2BB}.Debug|Any CPU.ActiveCfg = Debug|Any CPU
		{3B06B9C1-853A-4105-AEBE-CAA27FCFC2BB}.Debug|Any CPU.Build.0 = Debug|Any CPU
		{3B06B9C1-853A-4105-AEBE-CAA27FCFC2BB}.Release|Any CPU.ActiveCfg = Release|Any CPU
		{3B06B9C1-853A-4105-AEBE-CAA27FCFC2BB}.Release|Any CPU.Build.0 = Release|Any CPU
		{5FF52071-5709-4E44-A41D-57981BA8C35A}.Debug|Any CPU.ActiveCfg = Debug|Any CPU
		{5FF52071-5709-4E44-A41D-57981BA8C35A}.Debug|Any CPU.Build.0 = Debug|Any CPU
		{5FF52071-5709-4E44-A41D-57981BA8C35A}.Release|Any CPU.ActiveCfg = Release|Any CPU
		{5FF52071-5709-4E44-A41D-57981BA8C35A}.Release|Any CPU.Build.0 = Release|Any CPU
	EndGlobalSection
	GlobalSection(SolutionProperties) = preSolution
		HideSolutionNode = FALSE
	EndGlobalSection
EndGlobal
